
Microsoft Visual Studio Solution File, Format Version 12.00
# Visual Studio Version 16
VisualStudioVersion = 16.0.30114.105
MinimumVisualStudioVersion = 10.0.40219.1
Project("{2150E333-8FDC-42A3-9474-1A3956D46DE8}") = "src", "src", "{775556EF-94F5-4B56-B9A4-5E51FD646A0E}"
EndProject
Project("{FAE04EC0-301F-11D3-BF4B-00C04F79EFBC}") = "Api", "src\Api\Api.csproj", "{BDAC81CA-1A66-493A-9365-73BA6D4F8E26}"
EndProject
Global
	GlobalSection(SolutionConfigurationPlatforms) = preSolution
		Debug|Any CPU = Debug|Any CPU
		Release|Any CPU = Release|Any CPU
	EndGlobalSection
	GlobalSection(SolutionProperties) = preSolution
		HideSolutionNode = FALSE
	EndGlobalSection
	GlobalSection(ProjectConfigurationPlatforms) = postSolution
		{BDAC81CA-1A66-493A-9365-73BA6D4F8E26}.Debug|Any CPU.ActiveCfg = Debug|Any CPU
		{BDAC81CA-1A66-493A-9365-73BA6D4F8E26}.Debug|Any CPU.Build.0 = Debug|Any CPU
		{BDAC81CA-1A66-493A-9365-73BA6D4F8E26}.Release|Any CPU.ActiveCfg = Release|Any CPU
		{BDAC81CA-1A66-493A-9365-73BA6D4F8E26}.Release|Any CPU.Build.0 = Release|Any CPU
	EndGlobalSection
	GlobalSection(NestedProjects) = preSolution
		{BDAC81CA-1A66-493A-9365-73BA6D4F8E26} = {775556EF-94F5-4B56-B9A4-5E51FD646A0E}
	EndGlobalSection
EndGlobal
