
Microsoft Visual Studio Solution File, Format Version 12.00
# Visual Studio Version 17
VisualStudioVersion = 17.1.32421.90
MinimumVisualStudioVersion = 10.0.40219.1
Project("{FAE04EC0-301F-11D3-BF4B-00C04F79EFBC}") = "Producer", "src\Producer\Producer.csproj", "{1FCF0933-6C4D-4E94-80E7-07D69479395B}"
EndProject
Project("{FAE04EC0-301F-11D3-BF4B-00C04F79EFBC}") = "SharedLibs", "src\SharedLibs\SharedLibs.csproj", "{0F56089F-1A99-4D94-A769-93AC06BA2C08}"
EndProject
Project("{FAE04EC0-301F-11D3-BF4B-00C04F79EFBC}") = "Consumer", "src\Consumer\Consumer.csproj", "{3883DF75-0592-40B6-9610-BC5878DBE391}"
EndProject
Global
	GlobalSection(SolutionConfigurationPlatforms) = preSolution
		Debug|Any CPU = Debug|Any CPU
		Release|Any CPU = Release|Any CPU
	EndGlobalSection
	GlobalSection(ProjectConfigurationPlatforms) = postSolution
		{1FCF0933-6C4D-4E94-80E7-07D69479395B}.Debug|Any CPU.ActiveCfg = Debug|Any CPU
		{1FCF0933-6C4D-4E94-80E7-07D69479395B}.Debug|Any CPU.Build.0 = Debug|Any CPU
		{1FCF0933-6C4D-4E94-80E7-07D69479395B}.Release|Any CPU.ActiveCfg = Release|Any CPU
		{1FCF0933-6C4D-4E94-80E7-07D69479395B}.Release|Any CPU.Build.0 = Release|Any CPU
		{0F56089F-1A99-4D94-A769-93AC06BA2C08}.Debug|Any CPU.ActiveCfg = Debug|Any CPU
		{0F56089F-1A99-4D94-A769-93AC06BA2C08}.Debug|Any CPU.Build.0 = Debug|Any CPU
		{0F56089F-1A99-4D94-A769-93AC06BA2C08}.Release|Any CPU.ActiveCfg = Release|Any CPU
		{0F56089F-1A99-4D94-A769-93AC06BA2C08}.Release|Any CPU.Build.0 = Release|Any CPU
		{3883DF75-0592-40B6-9610-BC5878DBE391}.Debug|Any CPU.ActiveCfg = Debug|Any CPU
		{3883DF75-0592-40B6-9610-BC5878DBE391}.Debug|Any CPU.Build.0 = Debug|Any CPU
		{3883DF75-0592-40B6-9610-BC5878DBE391}.Release|Any CPU.ActiveCfg = Release|Any CPU
		{3883DF75-0592-40B6-9610-BC5878DBE391}.Release|Any CPU.Build.0 = Release|Any CPU
	EndGlobalSection
	GlobalSection(SolutionProperties) = preSolution
		HideSolutionNode = FALSE
	EndGlobalSection
	GlobalSection(ExtensibilityGlobals) = postSolution
		SolutionGuid = {1DF2F662-330C-4F80-B898-2D1C66246A9E}
	EndGlobalSection
EndGlobal
