
Microsoft Visual Studio Solution File, Format Version 12.00
# Visual Studio Version 17
VisualStudioVersion = 17.0.32126.317
MinimumVisualStudioVersion = 10.0.40219.1
Project("{FAE04EC0-301F-11D3-BF4B-00C04F79EFBC}") = "BlobAPI", "BlobAPI\BlobAPI.csproj", "{35402F6D-5FEC-4D36-9101-C6E496FB074B}"
EndProject
Global
	GlobalSection(SolutionConfigurationPlatforms) = preSolution
		Debug|Any CPU = Debug|Any CPU
		Release|Any CPU = Release|Any CPU
	EndGlobalSection
	GlobalSection(ProjectConfigurationPlatforms) = postSolution
		{35402F6D-5FEC-4D36-9101-C6E496FB074B}.Debug|Any CPU.ActiveCfg = Debug|Any CPU
		{35402F6D-5FEC-4D36-9101-C6E496FB074B}.Debug|Any CPU.Build.0 = Debug|Any CPU
		{35402F6D-5FEC-4D36-9101-C6E496FB074B}.Release|Any CPU.ActiveCfg = Release|Any CPU
		{35402F6D-5FEC-4D36-9101-C6E496FB074B}.Release|Any CPU.Build.0 = Release|Any CPU
	EndGlobalSection
	GlobalSection(SolutionProperties) = preSolution
		HideSolutionNode = FALSE
	EndGlobalSection
	GlobalSection(ExtensibilityGlobals) = postSolution
		SolutionGuid = {1EA5E433-CEC3-4805-A39E-340243A37039}
	EndGlobalSection
EndGlobal
