
Microsoft Visual Studio Solution File, Format Version 12.00
# Visual Studio Version 17
VisualStudioVersion = 17.1.32319.34
MinimumVisualStudioVersion = 10.0.40219.1
Project("{FAE04EC0-301F-11D3-BF4B-00C04F79EFBC}") = "Producer", "src\Producer\Producer.csproj", "{B7F933F4-A935-49CA-83E2-7326EB7BE056}"
EndProject
Project("{FAE04EC0-301F-11D3-BF4B-00C04F79EFBC}") = "Consumer", "src\Consumer\Consumer.csproj", "{575C4363-43D1-4592-A530-93F25ACCBE5B}"
EndProject
Project("{FAE04EC0-301F-11D3-BF4B-00C04F79EFBC}") = "SharedLibs", "src\SharedLibs\SharedLibs.csproj", "{8A20EAD8-5603-4015-A6E0-F95690E083A3}"
EndProject
Global
	GlobalSection(SolutionConfigurationPlatforms) = preSolution
		Debug|Any CPU = Debug|Any CPU
		Release|Any CPU = Release|Any CPU
	EndGlobalSection
	GlobalSection(ProjectConfigurationPlatforms) = postSolution
		{B7F933F4-A935-49CA-83E2-7326EB7BE056}.Debug|Any CPU.ActiveCfg = Debug|Any CPU
		{B7F933F4-A935-49CA-83E2-7326EB7BE056}.Debug|Any CPU.Build.0 = Debug|Any CPU
		{B7F933F4-A935-49CA-83E2-7326EB7BE056}.Release|Any CPU.ActiveCfg = Release|Any CPU
		{B7F933F4-A935-49CA-83E2-7326EB7BE056}.Release|Any CPU.Build.0 = Release|Any CPU
		{575C4363-43D1-4592-A530-93F25ACCBE5B}.Debug|Any CPU.ActiveCfg = Debug|Any CPU
		{575C4363-43D1-4592-A530-93F25ACCBE5B}.Debug|Any CPU.Build.0 = Debug|Any CPU
		{575C4363-43D1-4592-A530-93F25ACCBE5B}.Release|Any CPU.ActiveCfg = Release|Any CPU
		{575C4363-43D1-4592-A530-93F25ACCBE5B}.Release|Any CPU.Build.0 = Release|Any CPU
		{8A20EAD8-5603-4015-A6E0-F95690E083A3}.Debug|Any CPU.ActiveCfg = Debug|Any CPU
		{8A20EAD8-5603-4015-A6E0-F95690E083A3}.Debug|Any CPU.Build.0 = Debug|Any CPU
		{8A20EAD8-5603-4015-A6E0-F95690E083A3}.Release|Any CPU.ActiveCfg = Release|Any CPU
		{8A20EAD8-5603-4015-A6E0-F95690E083A3}.Release|Any CPU.Build.0 = Release|Any CPU
	EndGlobalSection
	GlobalSection(SolutionProperties) = preSolution
		HideSolutionNode = FALSE
	EndGlobalSection
	GlobalSection(ExtensibilityGlobals) = postSolution
		SolutionGuid = {8AE4E93C-BEF8-4C6C-8392-0EE517585F64}
	EndGlobalSection
EndGlobal
