
Microsoft Visual Studio Solution File, Format Version 12.00
# Visual Studio Version 17
VisualStudioVersion = 17.1.32319.34
MinimumVisualStudioVersion = 10.0.40219.1
Project("{FAE04EC0-301F-11D3-BF4B-00C04F79EFBC}") = "Producer", "src\Producer\Producer.csproj", "{593023C7-4DE4-4CFA-B38A-5C64EBFF39BE}"
EndProject
Project("{FAE04EC0-301F-11D3-BF4B-00C04F79EFBC}") = "Consumer", "src\Consumer\Consumer.csproj", "{8ADA5028-6817-4E72-8D79-E043B8920D7E}"
EndProject
Project("{FAE04EC0-301F-11D3-BF4B-00C04F79EFBC}") = "SharedLibs", "SharedLibs\SharedLibs.csproj", "{4F7B9004-784D-4F50-BAE1-782A7AE29736}"
EndProject
Global
	GlobalSection(SolutionConfigurationPlatforms) = preSolution
		Debug|Any CPU = Debug|Any CPU
		Release|Any CPU = Release|Any CPU
	EndGlobalSection
	GlobalSection(ProjectConfigurationPlatforms) = postSolution
		{593023C7-4DE4-4CFA-B38A-5C64EBFF39BE}.Debug|Any CPU.ActiveCfg = Debug|Any CPU
		{593023C7-4DE4-4CFA-B38A-5C64EBFF39BE}.Debug|Any CPU.Build.0 = Debug|Any CPU
		{593023C7-4DE4-4CFA-B38A-5C64EBFF39BE}.Release|Any CPU.ActiveCfg = Release|Any CPU
		{593023C7-4DE4-4CFA-B38A-5C64EBFF39BE}.Release|Any CPU.Build.0 = Release|Any CPU
		{8ADA5028-6817-4E72-8D79-E043B8920D7E}.Debug|Any CPU.ActiveCfg = Debug|Any CPU
		{8ADA5028-6817-4E72-8D79-E043B8920D7E}.Debug|Any CPU.Build.0 = Debug|Any CPU
		{8ADA5028-6817-4E72-8D79-E043B8920D7E}.Release|Any CPU.ActiveCfg = Release|Any CPU
		{8ADA5028-6817-4E72-8D79-E043B8920D7E}.Release|Any CPU.Build.0 = Release|Any CPU
		{4F7B9004-784D-4F50-BAE1-782A7AE29736}.Debug|Any CPU.ActiveCfg = Debug|Any CPU
		{4F7B9004-784D-4F50-BAE1-782A7AE29736}.Debug|Any CPU.Build.0 = Debug|Any CPU
		{4F7B9004-784D-4F50-BAE1-782A7AE29736}.Release|Any CPU.ActiveCfg = Release|Any CPU
		{4F7B9004-784D-4F50-BAE1-782A7AE29736}.Release|Any CPU.Build.0 = Release|Any CPU
	EndGlobalSection
	GlobalSection(SolutionProperties) = preSolution
		HideSolutionNode = FALSE
	EndGlobalSection
	GlobalSection(ExtensibilityGlobals) = postSolution
		SolutionGuid = {1A30B8F6-E3BF-4777-9852-4A25E93FC663}
	EndGlobalSection
EndGlobal
