
Microsoft Visual Studio Solution File, Format Version 12.00
# Visual Studio Version 17
VisualStudioVersion = 17.1.32421.90
MinimumVisualStudioVersion = 10.0.40219.1
Project("{FAE04EC0-301F-11D3-BF4B-00C04F79EFBC}") = "Api", "src\Api\Api.csproj", "{54F51F71-7C0C-48AF-8DC7-CB85D2C3E9F3}"
EndProject
Global
	GlobalSection(SolutionConfigurationPlatforms) = preSolution
		Debug|Any CPU = Debug|Any CPU
		Release|Any CPU = Release|Any CPU
	EndGlobalSection
	GlobalSection(ProjectConfigurationPlatforms) = postSolution
		{54F51F71-7C0C-48AF-8DC7-CB85D2C3E9F3}.Debug|Any CPU.ActiveCfg = Debug|Any CPU
		{54F51F71-7C0C-48AF-8DC7-CB85D2C3E9F3}.Debug|Any CPU.Build.0 = Debug|Any CPU
		{54F51F71-7C0C-48AF-8DC7-CB85D2C3E9F3}.Release|Any CPU.ActiveCfg = Release|Any CPU
		{54F51F71-7C0C-48AF-8DC7-CB85D2C3E9F3}.Release|Any CPU.Build.0 = Release|Any CPU
	EndGlobalSection
	GlobalSection(SolutionProperties) = preSolution
		HideSolutionNode = FALSE
	EndGlobalSection
	GlobalSection(ExtensibilityGlobals) = postSolution
		SolutionGuid = {0D83911B-650E-433C-97C2-13832B8CE642}
	EndGlobalSection
EndGlobal
