
Microsoft Visual Studio Solution File, Format Version 12.00
# Visual Studio Version 17
VisualStudioVersion = 17.1.32407.343
MinimumVisualStudioVersion = 10.0.40219.1
Project("{FAE04EC0-301F-11D3-BF4B-00C04F79EFBC}") = "TimerTriggerFunctionDemo", "src\TimerTriggerFunctionDemo\TimerTriggerFunctionDemo.csproj", "{4394817D-8EE9-4B36-BCFA-6AF156163FEC}"
EndProject
Global
	GlobalSection(SolutionConfigurationPlatforms) = preSolution
		Debug|Any CPU = Debug|Any CPU
		Release|Any CPU = Release|Any CPU
	EndGlobalSection
	GlobalSection(ProjectConfigurationPlatforms) = postSolution
		{4394817D-8EE9-4B36-BCFA-6AF156163FEC}.Debug|Any CPU.ActiveCfg = Debug|Any CPU
		{4394817D-8EE9-4B36-BCFA-6AF156163FEC}.Debug|Any CPU.Build.0 = Debug|Any CPU
		{4394817D-8EE9-4B36-BCFA-6AF156163FEC}.Release|Any CPU.ActiveCfg = Release|Any CPU
		{4394817D-8EE9-4B36-BCFA-6AF156163FEC}.Release|Any CPU.Build.0 = Release|Any CPU
	EndGlobalSection
	GlobalSection(SolutionProperties) = preSolution
		HideSolutionNode = FALSE
	EndGlobalSection
	GlobalSection(ExtensibilityGlobals) = postSolution
		SolutionGuid = {21A902C8-4AA5-4BBC-8A07-3AF973DCF83B}
	EndGlobalSection
EndGlobal
