
Microsoft Visual Studio Solution File, Format Version 12.00
# Visual Studio Version 17
VisualStudioVersion = 17.2.32519.379
MinimumVisualStudioVersion = 10.0.40219.1
Project("{FAE04EC0-301F-11D3-BF4B-00C04F79EFBC}") = "Api", "src\Api\Api.csproj", "{C5EFFB99-CD57-4052-AE06-ABAF9AB7DB3B}"
EndProject
Global
	GlobalSection(SolutionConfigurationPlatforms) = preSolution
		Debug|Any CPU = Debug|Any CPU
		Release|Any CPU = Release|Any CPU
	EndGlobalSection
	GlobalSection(ProjectConfigurationPlatforms) = postSolution
		{C5EFFB99-CD57-4052-AE06-ABAF9AB7DB3B}.Debug|Any CPU.ActiveCfg = Debug|Any CPU
		{C5EFFB99-CD57-4052-AE06-ABAF9AB7DB3B}.Debug|Any CPU.Build.0 = Debug|Any CPU
		{C5EFFB99-CD57-4052-AE06-ABAF9AB7DB3B}.Release|Any CPU.ActiveCfg = Release|Any CPU
		{C5EFFB99-CD57-4052-AE06-ABAF9AB7DB3B}.Release|Any CPU.Build.0 = Release|Any CPU
	EndGlobalSection
	GlobalSection(SolutionProperties) = preSolution
		HideSolutionNode = FALSE
	EndGlobalSection
	GlobalSection(ExtensibilityGlobals) = postSolution
		SolutionGuid = {49C3ECC2-39E5-4EBA-921B-F487DF5E1A1B}
	EndGlobalSection
EndGlobal
